
Microsoft Visual Studio Solution File, Format Version 12.00
# Visual Studio Version 16
VisualStudioVersion = 16.0.30717.126
MinimumVisualStudioVersion = 10.0.40219.1
Project("{FAE04EC0-301F-11D3-BF4B-00C04F79EFBC}") = "ArduinoTest", "ArduinoTest\ArduinoTest.csproj", "{F4432214-6B78-4FDF-979B-09EBE2C03CDD}"
EndProject
Global
	GlobalSection(SolutionConfigurationPlatforms) = preSolution
		Debug|Any CPU = Debug|Any CPU
		Release|Any CPU = Release|Any CPU
	EndGlobalSection
	GlobalSection(ProjectConfigurationPlatforms) = postSolution
		{F4432214-6B78-4FDF-979B-09EBE2C03CDD}.Debug|Any CPU.ActiveCfg = Debug|Any CPU
		{F4432214-6B78-4FDF-979B-09EBE2C03CDD}.Debug|Any CPU.Build.0 = Debug|Any CPU
		{F4432214-6B78-4FDF-979B-09EBE2C03CDD}.Release|Any CPU.ActiveCfg = Release|Any CPU
		{F4432214-6B78-4FDF-979B-09EBE2C03CDD}.Release|Any CPU.Build.0 = Release|Any CPU
	EndGlobalSection
	GlobalSection(SolutionProperties) = preSolution
		HideSolutionNode = FALSE
	EndGlobalSection
	GlobalSection(ExtensibilityGlobals) = postSolution
		SolutionGuid = {A5352D8B-EE9D-458B-A8D6-AFA8C2C32B39}
	EndGlobalSection
EndGlobal
